
Microsoft Visual Studio Solution File, Format Version 12.00
# Visual Studio Version 17
VisualStudioVersion = 17.1.32328.378
MinimumVisualStudioVersion = 10.0.40219.1
Project("{F184B08F-C81C-45F6-A57F-5ABD9991F28F}") = "EZmod MC v1.5.0", "EZmod MC v1.5.0.vbproj", "{AB654ED1-ED7C-4EFD-B0C5-AFD0133227C2}"
EndProject
Global
	GlobalSection(SolutionConfigurationPlatforms) = preSolution
		Debug|Any CPU = Debug|Any CPU
		Release|Any CPU = Release|Any CPU
	EndGlobalSection
	GlobalSection(ProjectConfigurationPlatforms) = postSolution
		{AB654ED1-ED7C-4EFD-B0C5-AFD0133227C2}.Debug|Any CPU.ActiveCfg = Debug|Any CPU
		{AB654ED1-ED7C-4EFD-B0C5-AFD0133227C2}.Debug|Any CPU.Build.0 = Debug|Any CPU
		{AB654ED1-ED7C-4EFD-B0C5-AFD0133227C2}.Release|Any CPU.ActiveCfg = Release|Any CPU
		{AB654ED1-ED7C-4EFD-B0C5-AFD0133227C2}.Release|Any CPU.Build.0 = Release|Any CPU
	EndGlobalSection
	GlobalSection(SolutionProperties) = preSolution
		HideSolutionNode = FALSE
	EndGlobalSection
	GlobalSection(ExtensibilityGlobals) = postSolution
		SolutionGuid = {2D4A0D0C-7A4C-4533-9FBF-202048159BC3}
	EndGlobalSection
EndGlobal
